# This file is automatically @generated by Cargo.
# It is not intended for manual editing.
[[package]]
name = "seahorse"
version = "1.1.1"
source = "registry+https://github.com/rust-lang/crates.io-index"
checksum = "ce7d9440e2865cce0db733bdc530591b37d37a2d32badace34a1fc9ba5686d58"

[[package]]
name = "seahorse-learn-0"
version = "0.1.0"
dependencies = [
 "seahorse",
]
